
Microsoft Visual Studio Solution File, Format Version 12.00
# Visual Studio Version 17
VisualStudioVersion = 17.0.31903.59
MinimumVisualStudioVersion = 10.0.40219.1
Project("{FAE04EC0-301F-11D3-BF4B-00C04F79EFBC}") = "NewProj", "NewProj\NewProj.csproj", "{89211DFA-5657-478D-B316-5DC069E708D3}"
EndProject
Project("{FAE04EC0-301F-11D3-BF4B-00C04F79EFBC}") = "NewProj.test", "NewProj.test\NewProj.test.csproj", "{F139399E-14C8-4EA9-962D-F72DB34404AC}"
EndProject
Global
	GlobalSection(SolutionConfigurationPlatforms) = preSolution
		Debug|Any CPU = Debug|Any CPU
		Release|Any CPU = Release|Any CPU
	EndGlobalSection
	GlobalSection(SolutionProperties) = preSolution
		HideSolutionNode = FALSE
	EndGlobalSection
	GlobalSection(ProjectConfigurationPlatforms) = postSolution
		{89211DFA-5657-478D-B316-5DC069E708D3}.Debug|Any CPU.ActiveCfg = Debug|Any CPU
		{89211DFA-5657-478D-B316-5DC069E708D3}.Debug|Any CPU.Build.0 = Debug|Any CPU
		{89211DFA-5657-478D-B316-5DC069E708D3}.Release|Any CPU.ActiveCfg = Release|Any CPU
		{89211DFA-5657-478D-B316-5DC069E708D3}.Release|Any CPU.Build.0 = Release|Any CPU
		{F139399E-14C8-4EA9-962D-F72DB34404AC}.Debug|Any CPU.ActiveCfg = Debug|Any CPU
		{F139399E-14C8-4EA9-962D-F72DB34404AC}.Debug|Any CPU.Build.0 = Debug|Any CPU
		{F139399E-14C8-4EA9-962D-F72DB34404AC}.Release|Any CPU.ActiveCfg = Release|Any CPU
		{F139399E-14C8-4EA9-962D-F72DB34404AC}.Release|Any CPU.Build.0 = Release|Any CPU
	EndGlobalSection
EndGlobal
